{
  "name": "demo-lit-apollo-subscriptions",
  "version": "1.0.0",
  "lockfileVersion": 1,
  "requires": true,
  "dependencies": {
    "@types/async": {
      "version": "2.0.50",
      "resolved": "https://registry.npmjs.org/@types/async/-/async-2.0.50.tgz",
      "integrity": "sha512-VMhZMMQgV1zsR+lX/0IBfAk+8Eb7dPVMWiQGFAt3qjo5x7Ml6b77jUo0e1C3ToD+XRDXqtrfw+6AB0uUsPEr3Q==",
      "optional": true
    },
    "@types/zen-observable": {
      "version": "0.8.0",
      "resolved": "https://registry.npmjs.org/@types/zen-observable/-/zen-observable-0.8.0.tgz",
      "integrity": "sha512-te5lMAWii1uEJ4FwLjzdlbw3+n0FZNOvFXHxQDKeT0dilh7HOzdMzV2TrJVUzq8ep7J4Na8OUYPRLSQkJHAlrg=="
    },
    "apollo-cache": {
      "version": "1.1.21",
      "resolved": "https://registry.npmjs.org/apollo-cache/-/apollo-cache-1.1.21.tgz",
      "integrity": "sha512-5ErNb78KHtrJNimkDBTEigcvHkIqUmS7QJIk4lpZZ+XLVVgvk2fD+GhD1PLP+s8vHfAKVbO6vdbRxCCjGGrh5w==",
      "requires": {
        "apollo-utilities": "^1.0.26"
      }
    },
    "apollo-link": {
      "version": "1.2.4",
      "resolved": "https://registry.npmjs.org/apollo-link/-/apollo-link-1.2.4.tgz",
      "integrity": "sha512-B1z+9H2nTyWEhMXRFSnoZ1vSuAYP+V/EdUJvRx9uZ8yuIBZMm6reyVtr1n0BWlKeSFyPieKJy2RLzmITAAQAMQ==",
      "requires": {
        "apollo-utilities": "^1.0.0",
        "zen-observable-ts": "^0.8.11"
      }
    },
    "apollo-link-dedup": {
      "version": "1.0.11",
      "resolved": "https://registry.npmjs.org/apollo-link-dedup/-/apollo-link-dedup-1.0.11.tgz",
      "integrity": "sha512-RcvkXR0CNbQcsw6LdrPksGa+9YjZ1ghk0k2PKal6rSBCyyqzokcBawXOtoMN8q+0FLR1dGs5GnAQVeucQuY28g==",
      "requires": {
        "apollo-link": "^1.2.4"
      }
    },
    "apollo-utilities": {
      "version": "1.0.26",
      "resolved": "https://registry.npmjs.org/apollo-utilities/-/apollo-utilities-1.0.26.tgz",
      "integrity": "sha512-URw7o3phymliqYCYatcird2YRPUU2eWCNvip64U9gQrX56mEfK4m99yBIDCMTpmcvOFsKLii1sIEZsHIs/bvnw==",
      "requires": {
        "fast-json-stable-stringify": "^2.0.0"
      }
    },
    "crocks": {
      "version": "0.9.4",
      "resolved": "https://registry.npmjs.org/crocks/-/crocks-0.9.4.tgz",
      "integrity": "sha512-iREmN0zHcPibmgP13F/z+PgR7R5Sam4Uf57jsp9Erdvj8dI7EMUHb1bj7mugnX0sGVA6ukAxw2bTuJ+xTad7Vw=="
    },
    "fast-json-stable-stringify": {
      "version": "2.0.0",
      "resolved": "https://registry.npmjs.org/fast-json-stable-stringify/-/fast-json-stable-stringify-2.0.0.tgz",
      "integrity": "sha1-1RQsDK7msRifh9OnYREGT4bIu/I="
    },
    "iterall": {
      "version": "1.2.2",
      "resolved": "https://registry.npmjs.org/iterall/-/iterall-1.2.2.tgz",
      "integrity": "sha512-yynBb1g+RFUPY64fTrFv7nsjRrENBQJaX2UL+2Szc9REFrSNm1rpSXHGzhmAy7a9uv3vlvgBlXnf9RqmPH1/DA=="
    },
    "lit-apollo": {
      "version": "github:bennypowers/lit-apollo#d25817f03ff0577f2f16da93e922bfc8c935155a",
      "from": "github:bennypowers/lit-apollo#d25817f03ff0577f2f16da93e922bfc8c935155a",
      "requires": {
        "@polymer/lit-element": "^0.6.4",
        "apollo-client": "^2.4.7",
        "crocks": "^0.9.4",
        "graphql": "^0.13.2",
        "graphql-tag": "^2.9.2"
      },
      "dependencies": {
        "@polymer/lit-element": {
          "version": "0.6.4",
          "resolved": "https://registry.npmjs.org/@polymer/lit-element/-/lit-element-0.6.4.tgz",
          "integrity": "sha512-5EsrZJebIE1plULhMtC21zpryzJNFxM63/XY7G2BvzX/zd2rSPuNsqXiBK2x76TniLDaxuD4Tj6eb3WgR1OoCg==",
          "requires": {
            "lit-html": "^0.14.0"
          }
        },
        "apollo-client": {
          "version": "2.4.7",
          "resolved": "https://registry.npmjs.org/apollo-client/-/apollo-client-2.4.7.tgz",
          "integrity": "sha512-6aAm+16AFBYZhJF8eKxrup6AbYni01InDiwTfZhMMTP2xaXQWjsQnfaHbI2oE+hd3+AZFy1drkse8RZKghR/WQ==",
          "requires": {
            "@types/async": "2.0.50",
            "@types/zen-observable": "^0.8.0",
            "apollo-cache": "1.1.21",
            "apollo-link": "^1.0.0",
            "apollo-link-dedup": "^1.0.0",
            "apollo-utilities": "1.0.26",
            "symbol-observable": "^1.0.2",
            "zen-observable": "^0.8.0"
          }
        },
        "graphql": {
          "version": "0.13.2",
          "resolved": "http://registry.npmjs.org/graphql/-/graphql-0.13.2.tgz",
          "integrity": "sha512-QZ5BL8ZO/B20VA8APauGBg3GyEgZ19eduvpLWoq5x7gMmWnHoy8rlQWPLmWgFvo1yNgjSEFMesmS4R6pPr7xog==",
          "requires": {
            "iterall": "^1.2.1"
          }
        },
        "graphql-tag": {
          "version": "2.10.0",
          "resolved": "https://registry.npmjs.org/graphql-tag/-/graphql-tag-2.10.0.tgz",
          "integrity": "sha512-9FD6cw976TLLf9WYIUPCaaTpniawIjHWZSwIRZSjrfufJamcXbVVYfN2TWvJYbw0Xf2JjYbl1/f2+wDnBVw3/w=="
        },
        "lit-html": {
          "version": "0.14.0",
          "resolved": "https://registry.npmjs.org/lit-html/-/lit-html-0.14.0.tgz",
          "integrity": "sha512-+xqUPzzJGEDqb0F5DOnMXvL0jxpkKebAMlXycKZxFtzlmD+qePEmYrEUPF9XVXcc5eYBzYXTCOUcjSCod4YvgQ=="
        }
      }
    },
    "symbol-observable": {
      "version": "1.2.0",
      "resolved": "https://registry.npmjs.org/symbol-observable/-/symbol-observable-1.2.0.tgz",
      "integrity": "sha512-e900nM8RRtGhlV36KGEU9k65K3mPb1WV70OdjfxlG2EAuM1noi/E/BaW/uMhL7bPEssK8QV57vN3esixjUvcXQ=="
    },
    "zen-observable": {
      "version": "0.8.11",
      "resolved": "https://registry.npmjs.org/zen-observable/-/zen-observable-0.8.11.tgz",
      "integrity": "sha512-N3xXQVr4L61rZvGMpWe8XoCGX8vhU35dPyQ4fm5CY/KDlG0F75un14hjbckPXTDuKUY6V0dqR2giT6xN8Y4GEQ=="
    },
    "zen-observable-ts": {
      "version": "0.8.11",
      "resolved": "https://registry.npmjs.org/zen-observable-ts/-/zen-observable-ts-0.8.11.tgz",
      "integrity": "sha512-8bs7rgGV4kz5iTb9isudkuQjtWwPnQ8lXq6/T76vrepYZVMsDEv6BXaEA+DHdJSK3KVLduagi9jSpSAJ5NgKHw==",
      "requires": {
        "zen-observable": "^0.8.0"
      }
    }
  }
}
